
Microsoft Visual Studio Solution File, Format Version 12.00
# Visual Studio Version 17
VisualStudioVersion = 17.2.32519.379
MinimumVisualStudioVersion = 10.0.40219.1
Project("{FAE04EC0-301F-11D3-BF4B-00C04F79EFBC}") = "Timer", "Timer\Timer.csproj", "{4C84CBA0-6E46-46C7-A8EA-F83A5B79C60E}"
EndProject
Global
	GlobalSection(SolutionConfigurationPlatforms) = preSolution
		Debug|Any CPU = Debug|Any CPU
		Release|Any CPU = Release|Any CPU
	EndGlobalSection
	GlobalSection(ProjectConfigurationPlatforms) = postSolution
		{4C84CBA0-6E46-46C7-A8EA-F83A5B79C60E}.Debug|Any CPU.ActiveCfg = Debug|Any CPU
		{4C84CBA0-6E46-46C7-A8EA-F83A5B79C60E}.Debug|Any CPU.Build.0 = Debug|Any CPU
		{4C84CBA0-6E46-46C7-A8EA-F83A5B79C60E}.Release|Any CPU.ActiveCfg = Release|Any CPU
		{4C84CBA0-6E46-46C7-A8EA-F83A5B79C60E}.Release|Any CPU.Build.0 = Release|Any CPU
	EndGlobalSection
	GlobalSection(SolutionProperties) = preSolution
		HideSolutionNode = FALSE
	EndGlobalSection
	GlobalSection(ExtensibilityGlobals) = postSolution
		SolutionGuid = {F2BAE13B-FE14-4C1C-B7E5-E24F29D7EE05}
	EndGlobalSection
EndGlobal
